
Microsoft Visual Studio Solution File, Format Version 12.00
# Visual Studio Version 16
VisualStudioVersion = 16.0.29613.14
MinimumVisualStudioVersion = 10.0.40219.1
Project("{FAE04EC0-301F-11D3-BF4B-00C04F79EFBC}") = "SqlLite", "SqlLite\SqlLite.csproj", "{D7CFD5F3-159C-4200-AECE-E5CD092CD48A}"
EndProject
Project("{FAE04EC0-301F-11D3-BF4B-00C04F79EFBC}") = "SQLiteAndEFApp", "SQLiteAndEFApp\SQLiteAndEFApp.csproj", "{623EF2C2-02E7-4287-A711-92F513AD2916}"
EndProject
Project("{FAE04EC0-301F-11D3-BF4B-00C04F79EFBC}") = "BackgroundTasks", "BackgroundTasks\BackgroundTasks.csproj", "{25D08A96-A2F1-4930-A12A-CF464758B0F7}"
EndProject
Project("{FAE04EC0-301F-11D3-BF4B-00C04F79EFBC}") = "MyBackgroundTask", "MyBackgroundTask\MyBackgroundTask.csproj", "{EFA2E817-4243-48AD-8B05-382C922AC6EE}"
EndProject
Project("{FAE04EC0-301F-11D3-BF4B-00C04F79EFBC}") = "BrushesAndFiguresApp", "BrushesAndFiguresApp\BrushesAndFiguresApp.csproj", "{B1F9E899-3FAE-44EC-8E96-DCA52BEBC389}"
EndProject
Project("{FAE04EC0-301F-11D3-BF4B-00C04F79EFBC}") = "DrawFigureApp", "DrawFigureApp\DrawFigureApp.csproj", "{848F8549-FA03-40AE-B733-09A2F9B3E829}"
EndProject
Project("{FAE04EC0-301F-11D3-BF4B-00C04F79EFBC}") = "MediaApp", "MediaApp\MediaApp.csproj", "{B607D9F9-D4CD-4CC7-96EB-6EDCEF6CB484}"
EndProject
Project("{FAE04EC0-301F-11D3-BF4B-00C04F79EFBC}") = "AudioPlayBackground", "AudioPlayBackground\AudioPlayBackground.csproj", "{3FC16383-FFBE-4F57-864A-54A0E037C231}"
EndProject
Global
	GlobalSection(SolutionConfigurationPlatforms) = preSolution
		Debug|Any CPU = Debug|Any CPU
		Debug|ARM = Debug|ARM
		Debug|ARM64 = Debug|ARM64
		Debug|x64 = Debug|x64
		Debug|x86 = Debug|x86
		Release|Any CPU = Release|Any CPU
		Release|ARM = Release|ARM
		Release|ARM64 = Release|ARM64
		Release|x64 = Release|x64
		Release|x86 = Release|x86
	EndGlobalSection
	GlobalSection(ProjectConfigurationPlatforms) = postSolution
		{D7CFD5F3-159C-4200-AECE-E5CD092CD48A}.Debug|Any CPU.ActiveCfg = Debug|x86
		{D7CFD5F3-159C-4200-AECE-E5CD092CD48A}.Debug|ARM.ActiveCfg = Debug|ARM
		{D7CFD5F3-159C-4200-AECE-E5CD092CD48A}.Debug|ARM.Build.0 = Debug|ARM
		{D7CFD5F3-159C-4200-AECE-E5CD092CD48A}.Debug|ARM.Deploy.0 = Debug|ARM
		{D7CFD5F3-159C-4200-AECE-E5CD092CD48A}.Debug|ARM64.ActiveCfg = Debug|ARM64
		{D7CFD5F3-159C-4200-AECE-E5CD092CD48A}.Debug|ARM64.Build.0 = Debug|ARM64
		{D7CFD5F3-159C-4200-AECE-E5CD092CD48A}.Debug|ARM64.Deploy.0 = Debug|ARM64
		{D7CFD5F3-159C-4200-AECE-E5CD092CD48A}.Debug|x64.ActiveCfg = Debug|x64
		{D7CFD5F3-159C-4200-AECE-E5CD092CD48A}.Debug|x64.Build.0 = Debug|x64
		{D7CFD5F3-159C-4200-AECE-E5CD092CD48A}.Debug|x64.Deploy.0 = Debug|x64
		{D7CFD5F3-159C-4200-AECE-E5CD092CD48A}.Debug|x86.ActiveCfg = Debug|x86
		{D7CFD5F3-159C-4200-AECE-E5CD092CD48A}.Debug|x86.Build.0 = Debug|x86
		{D7CFD5F3-159C-4200-AECE-E5CD092CD48A}.Debug|x86.Deploy.0 = Debug|x86
		{D7CFD5F3-159C-4200-AECE-E5CD092CD48A}.Release|Any CPU.ActiveCfg = Release|x86
		{D7CFD5F3-159C-4200-AECE-E5CD092CD48A}.Release|ARM.ActiveCfg = Release|ARM
		{D7CFD5F3-159C-4200-AECE-E5CD092CD48A}.Release|ARM.Build.0 = Release|ARM
		{D7CFD5F3-159C-4200-AECE-E5CD092CD48A}.Release|ARM.Deploy.0 = Release|ARM
		{D7CFD5F3-159C-4200-AECE-E5CD092CD48A}.Release|ARM64.ActiveCfg = Release|ARM64
		{D7CFD5F3-159C-4200-AECE-E5CD092CD48A}.Release|ARM64.Build.0 = Release|ARM64
		{D7CFD5F3-159C-4200-AECE-E5CD092CD48A}.Release|ARM64.Deploy.0 = Release|ARM64
		{D7CFD5F3-159C-4200-AECE-E5CD092CD48A}.Release|x64.ActiveCfg = Release|x64
		{D7CFD5F3-159C-4200-AECE-E5CD092CD48A}.Release|x64.Build.0 = Release|x64
		{D7CFD5F3-159C-4200-AECE-E5CD092CD48A}.Release|x64.Deploy.0 = Release|x64
		{D7CFD5F3-159C-4200-AECE-E5CD092CD48A}.Release|x86.ActiveCfg = Release|x86
		{D7CFD5F3-159C-4200-AECE-E5CD092CD48A}.Release|x86.Build.0 = Release|x86
		{D7CFD5F3-159C-4200-AECE-E5CD092CD48A}.Release|x86.Deploy.0 = Release|x86
		{623EF2C2-02E7-4287-A711-92F513AD2916}.Debug|Any CPU.ActiveCfg = Debug|x86
		{623EF2C2-02E7-4287-A711-92F513AD2916}.Debug|ARM.ActiveCfg = Debug|ARM
		{623EF2C2-02E7-4287-A711-92F513AD2916}.Debug|ARM.Build.0 = Debug|ARM
		{623EF2C2-02E7-4287-A711-92F513AD2916}.Debug|ARM.Deploy.0 = Debug|ARM
		{623EF2C2-02E7-4287-A711-92F513AD2916}.Debug|ARM64.ActiveCfg = Debug|ARM64
		{623EF2C2-02E7-4287-A711-92F513AD2916}.Debug|ARM64.Build.0 = Debug|ARM64
		{623EF2C2-02E7-4287-A711-92F513AD2916}.Debug|ARM64.Deploy.0 = Debug|ARM64
		{623EF2C2-02E7-4287-A711-92F513AD2916}.Debug|x64.ActiveCfg = Debug|x64
		{623EF2C2-02E7-4287-A711-92F513AD2916}.Debug|x64.Build.0 = Debug|x64
		{623EF2C2-02E7-4287-A711-92F513AD2916}.Debug|x64.Deploy.0 = Debug|x64
		{623EF2C2-02E7-4287-A711-92F513AD2916}.Debug|x86.ActiveCfg = Debug|x86
		{623EF2C2-02E7-4287-A711-92F513AD2916}.Debug|x86.Build.0 = Debug|x86
		{623EF2C2-02E7-4287-A711-92F513AD2916}.Debug|x86.Deploy.0 = Debug|x86
		{623EF2C2-02E7-4287-A711-92F513AD2916}.Release|Any CPU.ActiveCfg = Release|x86
		{623EF2C2-02E7-4287-A711-92F513AD2916}.Release|ARM.ActiveCfg = Release|ARM
		{623EF2C2-02E7-4287-A711-92F513AD2916}.Release|ARM.Build.0 = Release|ARM
		{623EF2C2-02E7-4287-A711-92F513AD2916}.Release|ARM.Deploy.0 = Release|ARM
		{623EF2C2-02E7-4287-A711-92F513AD2916}.Release|ARM64.ActiveCfg = Release|ARM64
		{623EF2C2-02E7-4287-A711-92F513AD2916}.Release|ARM64.Build.0 = Release|ARM64
		{623EF2C2-02E7-4287-A711-92F513AD2916}.Release|ARM64.Deploy.0 = Release|ARM64
		{623EF2C2-02E7-4287-A711-92F513AD2916}.Release|x64.ActiveCfg = Release|x64
		{623EF2C2-02E7-4287-A711-92F513AD2916}.Release|x64.Build.0 = Release|x64
		{623EF2C2-02E7-4287-A711-92F513AD2916}.Release|x64.Deploy.0 = Release|x64
		{623EF2C2-02E7-4287-A711-92F513AD2916}.Release|x86.ActiveCfg = Release|x86
		{623EF2C2-02E7-4287-A711-92F513AD2916}.Release|x86.Build.0 = Release|x86
		{623EF2C2-02E7-4287-A711-92F513AD2916}.Release|x86.Deploy.0 = Release|x86
		{25D08A96-A2F1-4930-A12A-CF464758B0F7}.Debug|Any CPU.ActiveCfg = Debug|x86
		{25D08A96-A2F1-4930-A12A-CF464758B0F7}.Debug|ARM.ActiveCfg = Debug|ARM
		{25D08A96-A2F1-4930-A12A-CF464758B0F7}.Debug|ARM.Build.0 = Debug|ARM
		{25D08A96-A2F1-4930-A12A-CF464758B0F7}.Debug|ARM.Deploy.0 = Debug|ARM
		{25D08A96-A2F1-4930-A12A-CF464758B0F7}.Debug|ARM64.ActiveCfg = Debug|ARM64
		{25D08A96-A2F1-4930-A12A-CF464758B0F7}.Debug|ARM64.Build.0 = Debug|ARM64
		{25D08A96-A2F1-4930-A12A-CF464758B0F7}.Debug|ARM64.Deploy.0 = Debug|ARM64
		{25D08A96-A2F1-4930-A12A-CF464758B0F7}.Debug|x64.ActiveCfg = Debug|x64
		{25D08A96-A2F1-4930-A12A-CF464758B0F7}.Debug|x64.Build.0 = Debug|x64
		{25D08A96-A2F1-4930-A12A-CF464758B0F7}.Debug|x64.Deploy.0 = Debug|x64
		{25D08A96-A2F1-4930-A12A-CF464758B0F7}.Debug|x86.ActiveCfg = Debug|x86
		{25D08A96-A2F1-4930-A12A-CF464758B0F7}.Debug|x86.Build.0 = Debug|x86
		{25D08A96-A2F1-4930-A12A-CF464758B0F7}.Debug|x86.Deploy.0 = Debug|x86
		{25D08A96-A2F1-4930-A12A-CF464758B0F7}.Release|Any CPU.ActiveCfg = Release|x86
		{25D08A96-A2F1-4930-A12A-CF464758B0F7}.Release|ARM.ActiveCfg = Release|ARM
		{25D08A96-A2F1-4930-A12A-CF464758B0F7}.Release|ARM.Build.0 = Release|ARM
		{25D08A96-A2F1-4930-A12A-CF464758B0F7}.Release|ARM.Deploy.0 = Release|ARM
		{25D08A96-A2F1-4930-A12A-CF464758B0F7}.Release|ARM64.ActiveCfg = Release|ARM64
		{25D08A96-A2F1-4930-A12A-CF464758B0F7}.Release|ARM64.Build.0 = Release|ARM64
		{25D08A96-A2F1-4930-A12A-CF464758B0F7}.Release|ARM64.Deploy.0 = Release|ARM64
		{25D08A96-A2F1-4930-A12A-CF464758B0F7}.Release|x64.ActiveCfg = Release|x64
		{25D08A96-A2F1-4930-A12A-CF464758B0F7}.Release|x64.Build.0 = Release|x64
		{25D08A96-A2F1-4930-A12A-CF464758B0F7}.Release|x64.Deploy.0 = Release|x64
		{25D08A96-A2F1-4930-A12A-CF464758B0F7}.Release|x86.ActiveCfg = Release|x86
		{25D08A96-A2F1-4930-A12A-CF464758B0F7}.Release|x86.Build.0 = Release|x86
		{25D08A96-A2F1-4930-A12A-CF464758B0F7}.Release|x86.Deploy.0 = Release|x86
		{EFA2E817-4243-48AD-8B05-382C922AC6EE}.Debug|Any CPU.ActiveCfg = Debug|Any CPU
		{EFA2E817-4243-48AD-8B05-382C922AC6EE}.Debug|Any CPU.Build.0 = Debug|Any CPU
		{EFA2E817-4243-48AD-8B05-382C922AC6EE}.Debug|ARM.ActiveCfg = Debug|ARM
		{EFA2E817-4243-48AD-8B05-382C922AC6EE}.Debug|ARM.Build.0 = Debug|ARM
		{EFA2E817-4243-48AD-8B05-382C922AC6EE}.Debug|ARM64.ActiveCfg = Debug|ARM64
		{EFA2E817-4243-48AD-8B05-382C922AC6EE}.Debug|ARM64.Build.0 = Debug|ARM64
		{EFA2E817-4243-48AD-8B05-382C922AC6EE}.Debug|x64.ActiveCfg = Debug|x64
		{EFA2E817-4243-48AD-8B05-382C922AC6EE}.Debug|x64.Build.0 = Debug|x64
		{EFA2E817-4243-48AD-8B05-382C922AC6EE}.Debug|x86.ActiveCfg = Debug|x86
		{EFA2E817-4243-48AD-8B05-382C922AC6EE}.Debug|x86.Build.0 = Debug|x86
		{EFA2E817-4243-48AD-8B05-382C922AC6EE}.Release|Any CPU.ActiveCfg = Release|Any CPU
		{EFA2E817-4243-48AD-8B05-382C922AC6EE}.Release|Any CPU.Build.0 = Release|Any CPU
		{EFA2E817-4243-48AD-8B05-382C922AC6EE}.Release|ARM.ActiveCfg = Release|ARM
		{EFA2E817-4243-48AD-8B05-382C922AC6EE}.Release|ARM.Build.0 = Release|ARM
		{EFA2E817-4243-48AD-8B05-382C922AC6EE}.Release|ARM64.ActiveCfg = Release|ARM64
		{EFA2E817-4243-48AD-8B05-382C922AC6EE}.Release|ARM64.Build.0 = Release|ARM64
		{EFA2E817-4243-48AD-8B05-382C922AC6EE}.Release|x64.ActiveCfg = Release|x64
		{EFA2E817-4243-48AD-8B05-382C922AC6EE}.Release|x64.Build.0 = Release|x64
		{EFA2E817-4243-48AD-8B05-382C922AC6EE}.Release|x86.ActiveCfg = Release|x86
		{EFA2E817-4243-48AD-8B05-382C922AC6EE}.Release|x86.Build.0 = Release|x86
		{B1F9E899-3FAE-44EC-8E96-DCA52BEBC389}.Debug|Any CPU.ActiveCfg = Debug|x86
		{B1F9E899-3FAE-44EC-8E96-DCA52BEBC389}.Debug|ARM.ActiveCfg = Debug|ARM
		{B1F9E899-3FAE-44EC-8E96-DCA52BEBC389}.Debug|ARM.Build.0 = Debug|ARM
		{B1F9E899-3FAE-44EC-8E96-DCA52BEBC389}.Debug|ARM.Deploy.0 = Debug|ARM
		{B1F9E899-3FAE-44EC-8E96-DCA52BEBC389}.Debug|ARM64.ActiveCfg = Debug|ARM64
		{B1F9E899-3FAE-44EC-8E96-DCA52BEBC389}.Debug|ARM64.Build.0 = Debug|ARM64
		{B1F9E899-3FAE-44EC-8E96-DCA52BEBC389}.Debug|ARM64.Deploy.0 = Debug|ARM64
		{B1F9E899-3FAE-44EC-8E96-DCA52BEBC389}.Debug|x64.ActiveCfg = Debug|x64
		{B1F9E899-3FAE-44EC-8E96-DCA52BEBC389}.Debug|x64.Build.0 = Debug|x64
		{B1F9E899-3FAE-44EC-8E96-DCA52BEBC389}.Debug|x64.Deploy.0 = Debug|x64
		{B1F9E899-3FAE-44EC-8E96-DCA52BEBC389}.Debug|x86.ActiveCfg = Debug|x86
		{B1F9E899-3FAE-44EC-8E96-DCA52BEBC389}.Debug|x86.Build.0 = Debug|x86
		{B1F9E899-3FAE-44EC-8E96-DCA52BEBC389}.Debug|x86.Deploy.0 = Debug|x86
		{B1F9E899-3FAE-44EC-8E96-DCA52BEBC389}.Release|Any CPU.ActiveCfg = Release|x86
		{B1F9E899-3FAE-44EC-8E96-DCA52BEBC389}.Release|ARM.ActiveCfg = Release|ARM
		{B1F9E899-3FAE-44EC-8E96-DCA52BEBC389}.Release|ARM.Build.0 = Release|ARM
		{B1F9E899-3FAE-44EC-8E96-DCA52BEBC389}.Release|ARM.Deploy.0 = Release|ARM
		{B1F9E899-3FAE-44EC-8E96-DCA52BEBC389}.Release|ARM64.ActiveCfg = Release|ARM64
		{B1F9E899-3FAE-44EC-8E96-DCA52BEBC389}.Release|ARM64.Build.0 = Release|ARM64
		{B1F9E899-3FAE-44EC-8E96-DCA52BEBC389}.Release|ARM64.Deploy.0 = Release|ARM64
		{B1F9E899-3FAE-44EC-8E96-DCA52BEBC389}.Release|x64.ActiveCfg = Release|x64
		{B1F9E899-3FAE-44EC-8E96-DCA52BEBC389}.Release|x64.Build.0 = Release|x64
		{B1F9E899-3FAE-44EC-8E96-DCA52BEBC389}.Release|x64.Deploy.0 = Release|x64
		{B1F9E899-3FAE-44EC-8E96-DCA52BEBC389}.Release|x86.ActiveCfg = Release|x86
		{B1F9E899-3FAE-44EC-8E96-DCA52BEBC389}.Release|x86.Build.0 = Release|x86
		{B1F9E899-3FAE-44EC-8E96-DCA52BEBC389}.Release|x86.Deploy.0 = Release|x86
		{848F8549-FA03-40AE-B733-09A2F9B3E829}.Debug|Any CPU.ActiveCfg = Debug|x86
		{848F8549-FA03-40AE-B733-09A2F9B3E829}.Debug|ARM.ActiveCfg = Debug|ARM
		{848F8549-FA03-40AE-B733-09A2F9B3E829}.Debug|ARM.Build.0 = Debug|ARM
		{848F8549-FA03-40AE-B733-09A2F9B3E829}.Debug|ARM.Deploy.0 = Debug|ARM
		{848F8549-FA03-40AE-B733-09A2F9B3E829}.Debug|ARM64.ActiveCfg = Debug|ARM64
		{848F8549-FA03-40AE-B733-09A2F9B3E829}.Debug|ARM64.Build.0 = Debug|ARM64
		{848F8549-FA03-40AE-B733-09A2F9B3E829}.Debug|ARM64.Deploy.0 = Debug|ARM64
		{848F8549-FA03-40AE-B733-09A2F9B3E829}.Debug|x64.ActiveCfg = Debug|x64
		{848F8549-FA03-40AE-B733-09A2F9B3E829}.Debug|x64.Build.0 = Debug|x64
		{848F8549-FA03-40AE-B733-09A2F9B3E829}.Debug|x64.Deploy.0 = Debug|x64
		{848F8549-FA03-40AE-B733-09A2F9B3E829}.Debug|x86.ActiveCfg = Debug|x86
		{848F8549-FA03-40AE-B733-09A2F9B3E829}.Debug|x86.Build.0 = Debug|x86
		{848F8549-FA03-40AE-B733-09A2F9B3E829}.Debug|x86.Deploy.0 = Debug|x86
		{848F8549-FA03-40AE-B733-09A2F9B3E829}.Release|Any CPU.ActiveCfg = Release|x86
		{848F8549-FA03-40AE-B733-09A2F9B3E829}.Release|ARM.ActiveCfg = Release|ARM
		{848F8549-FA03-40AE-B733-09A2F9B3E829}.Release|ARM.Build.0 = Release|ARM
		{848F8549-FA03-40AE-B733-09A2F9B3E829}.Release|ARM.Deploy.0 = Release|ARM
		{848F8549-FA03-40AE-B733-09A2F9B3E829}.Release|ARM64.ActiveCfg = Release|ARM64
		{848F8549-FA03-40AE-B733-09A2F9B3E829}.Release|ARM64.Build.0 = Release|ARM64
		{848F8549-FA03-40AE-B733-09A2F9B3E829}.Release|ARM64.Deploy.0 = Release|ARM64
		{848F8549-FA03-40AE-B733-09A2F9B3E829}.Release|x64.ActiveCfg = Release|x64
		{848F8549-FA03-40AE-B733-09A2F9B3E829}.Release|x64.Build.0 = Release|x64
		{848F8549-FA03-40AE-B733-09A2F9B3E829}.Release|x64.Deploy.0 = Release|x64
		{848F8549-FA03-40AE-B733-09A2F9B3E829}.Release|x86.ActiveCfg = Release|x86
		{848F8549-FA03-40AE-B733-09A2F9B3E829}.Release|x86.Build.0 = Release|x86
		{848F8549-FA03-40AE-B733-09A2F9B3E829}.Release|x86.Deploy.0 = Release|x86
		{B607D9F9-D4CD-4CC7-96EB-6EDCEF6CB484}.Debug|Any CPU.ActiveCfg = Debug|x86
		{B607D9F9-D4CD-4CC7-96EB-6EDCEF6CB484}.Debug|ARM.ActiveCfg = Debug|ARM
		{B607D9F9-D4CD-4CC7-96EB-6EDCEF6CB484}.Debug|ARM.Build.0 = Debug|ARM
		{B607D9F9-D4CD-4CC7-96EB-6EDCEF6CB484}.Debug|ARM.Deploy.0 = Debug|ARM
		{B607D9F9-D4CD-4CC7-96EB-6EDCEF6CB484}.Debug|ARM64.ActiveCfg = Debug|ARM64
		{B607D9F9-D4CD-4CC7-96EB-6EDCEF6CB484}.Debug|ARM64.Build.0 = Debug|ARM64
		{B607D9F9-D4CD-4CC7-96EB-6EDCEF6CB484}.Debug|ARM64.Deploy.0 = Debug|ARM64
		{B607D9F9-D4CD-4CC7-96EB-6EDCEF6CB484}.Debug|x64.ActiveCfg = Debug|x64
		{B607D9F9-D4CD-4CC7-96EB-6EDCEF6CB484}.Debug|x64.Build.0 = Debug|x64
		{B607D9F9-D4CD-4CC7-96EB-6EDCEF6CB484}.Debug|x64.Deploy.0 = Debug|x64
		{B607D9F9-D4CD-4CC7-96EB-6EDCEF6CB484}.Debug|x86.ActiveCfg = Debug|x86
		{B607D9F9-D4CD-4CC7-96EB-6EDCEF6CB484}.Debug|x86.Build.0 = Debug|x86
		{B607D9F9-D4CD-4CC7-96EB-6EDCEF6CB484}.Debug|x86.Deploy.0 = Debug|x86
		{B607D9F9-D4CD-4CC7-96EB-6EDCEF6CB484}.Release|Any CPU.ActiveCfg = Release|x86
		{B607D9F9-D4CD-4CC7-96EB-6EDCEF6CB484}.Release|ARM.ActiveCfg = Release|ARM
		{B607D9F9-D4CD-4CC7-96EB-6EDCEF6CB484}.Release|ARM.Build.0 = Release|ARM
		{B607D9F9-D4CD-4CC7-96EB-6EDCEF6CB484}.Release|ARM.Deploy.0 = Release|ARM
		{B607D9F9-D4CD-4CC7-96EB-6EDCEF6CB484}.Release|ARM64.ActiveCfg = Release|ARM64
		{B607D9F9-D4CD-4CC7-96EB-6EDCEF6CB484}.Release|ARM64.Build.0 = Release|ARM64
		{B607D9F9-D4CD-4CC7-96EB-6EDCEF6CB484}.Release|ARM64.Deploy.0 = Release|ARM64
		{B607D9F9-D4CD-4CC7-96EB-6EDCEF6CB484}.Release|x64.ActiveCfg = Release|x64
		{B607D9F9-D4CD-4CC7-96EB-6EDCEF6CB484}.Release|x64.Build.0 = Release|x64
		{B607D9F9-D4CD-4CC7-96EB-6EDCEF6CB484}.Release|x64.Deploy.0 = Release|x64
		{B607D9F9-D4CD-4CC7-96EB-6EDCEF6CB484}.Release|x86.ActiveCfg = Release|x86
		{B607D9F9-D4CD-4CC7-96EB-6EDCEF6CB484}.Release|x86.Build.0 = Release|x86
		{B607D9F9-D4CD-4CC7-96EB-6EDCEF6CB484}.Release|x86.Deploy.0 = Release|x86
		{3FC16383-FFBE-4F57-864A-54A0E037C231}.Debug|Any CPU.ActiveCfg = Debug|Any CPU
		{3FC16383-FFBE-4F57-864A-54A0E037C231}.Debug|Any CPU.Build.0 = Debug|Any CPU
		{3FC16383-FFBE-4F57-864A-54A0E037C231}.Debug|ARM.ActiveCfg = Debug|ARM
		{3FC16383-FFBE-4F57-864A-54A0E037C231}.Debug|ARM.Build.0 = Debug|ARM
		{3FC16383-FFBE-4F57-864A-54A0E037C231}.Debug|ARM64.ActiveCfg = Debug|ARM64
		{3FC16383-FFBE-4F57-864A-54A0E037C231}.Debug|ARM64.Build.0 = Debug|ARM64
		{3FC16383-FFBE-4F57-864A-54A0E037C231}.Debug|x64.ActiveCfg = Debug|x64
		{3FC16383-FFBE-4F57-864A-54A0E037C231}.Debug|x64.Build.0 = Debug|x64
		{3FC16383-FFBE-4F57-864A-54A0E037C231}.Debug|x86.ActiveCfg = Debug|x86
		{3FC16383-FFBE-4F57-864A-54A0E037C231}.Debug|x86.Build.0 = Debug|x86
		{3FC16383-FFBE-4F57-864A-54A0E037C231}.Release|Any CPU.ActiveCfg = Release|Any CPU
		{3FC16383-FFBE-4F57-864A-54A0E037C231}.Release|Any CPU.Build.0 = Release|Any CPU
		{3FC16383-FFBE-4F57-864A-54A0E037C231}.Release|ARM.ActiveCfg = Release|ARM
		{3FC16383-FFBE-4F57-864A-54A0E037C231}.Release|ARM.Build.0 = Release|ARM
		{3FC16383-FFBE-4F57-864A-54A0E037C231}.Release|ARM64.ActiveCfg = Release|ARM64
		{3FC16383-FFBE-4F57-864A-54A0E037C231}.Release|ARM64.Build.0 = Release|ARM64
		{3FC16383-FFBE-4F57-864A-54A0E037C231}.Release|x64.ActiveCfg = Release|x64
		{3FC16383-FFBE-4F57-864A-54A0E037C231}.Release|x64.Build.0 = Release|x64
		{3FC16383-FFBE-4F57-864A-54A0E037C231}.Release|x86.ActiveCfg = Release|x86
		{3FC16383-FFBE-4F57-864A-54A0E037C231}.Release|x86.Build.0 = Release|x86
	EndGlobalSection
	GlobalSection(SolutionProperties) = preSolution
		HideSolutionNode = FALSE
	EndGlobalSection
	GlobalSection(ExtensibilityGlobals) = postSolution
		SolutionGuid = {D90588E6-D74C-428B-AA79-EE01282D4F76}
	EndGlobalSection
EndGlobal
